
Microsoft Visual Studio Solution File, Format Version 12.00
# Visual Studio Version 16
VisualStudioVersion = 16.0.29728.190
MinimumVisualStudioVersion = 16.0.0.0
Project("{8BC9CEB8-8B4A-11D0-8D11-00A0C91BC942}") = "XRADImmediateTest", "XRADImmediateTest\XRADImmediateTest-2019.vcxproj", "{633BBEAC-FB5C-448E-965C-B153501514A6}"
	ProjectSection(ProjectDependencies) = postProject
		{C8376C6F-4E8F-4D7C-9E30-FAD663DF562F} = {C8376C6F-4E8F-4D7C-9E30-FAD663DF562F}
		{45C7128E-CB44-432F-BBD1-856A57BECFE7} = {45C7128E-CB44-432F-BBD1-856A57BECFE7}
		{B347299D-9533-4E3A-86F4-C0595B114C68} = {B347299D-9533-4E3A-86F4-C0595B114C68}
		{65EE44A0-3B9D-404D-8B5E-DD1867B7CD95} = {65EE44A0-3B9D-404D-8B5E-DD1867B7CD95}
	EndProjectSection
EndProject
Project("{8BC9CEB8-8B4A-11D0-8D11-00A0C91BC942}") = "XRADGUI", "%XRADRoot%\Projects\XRADGUI\XRADGUI-2019.vcxproj", "{65EE44A0-3B9D-404D-8B5E-DD1867B7CD95}"
	ProjectSection(ProjectDependencies) = postProject
		{C8376C6F-4E8F-4D7C-9E30-FAD663DF562F} = {C8376C6F-4E8F-4D7C-9E30-FAD663DF562F}
		{B347299D-9533-4E3A-86F4-C0595B114C68} = {B347299D-9533-4E3A-86F4-C0595B114C68}
	EndProjectSection
EndProject
Project("{8BC9CEB8-8B4A-11D0-8D11-00A0C91BC942}") = "XRADBasic", "%XRADRoot%\XRADBasic\MSVC\XRADBasic-2019.vcxproj", "{B347299D-9533-4E3A-86F4-C0595B114C68}"
EndProject
Project("{8BC9CEB8-8B4A-11D0-8D11-00A0C91BC942}") = "XRADSystem", "%XRADRoot%\XRADSystem\MSVC\XRADSystem-2019.vcxproj", "{C8376C6F-4E8F-4D7C-9E30-FAD663DF562F}"
	ProjectSection(ProjectDependencies) = postProject
		{B347299D-9533-4E3A-86F4-C0595B114C68} = {B347299D-9533-4E3A-86F4-C0595B114C68}
	EndProjectSection
EndProject
Project("{2150E333-8FDC-42A3-9474-1A3956D46DE8}") = "Solution Items", "Solution Items", "{D549ABE2-AF81-4A69-BBA1-8FDEB0897A53}"
	ProjectSection(SolutionItems) = preProject
		bin\nlohmann_json.natvis = bin\nlohmann_json.natvis
		bin\XRAD.natvis = bin\XRAD.natvis
	EndProjectSection
EndProject
Project("{8BC9CEB8-8B4A-11D0-8D11-00A0C91BC942}") = "XRADDicomGUI", "%XRADRoot%\XRADDicomGUI\MSVC\XRADDicomGUI-2019.vcxproj", "{6A6EEC8F-C1AB-445E-A73B-5B4368599D9B}"
	ProjectSection(ProjectDependencies) = postProject
		{C8376C6F-4E8F-4D7C-9E30-FAD663DF562F} = {C8376C6F-4E8F-4D7C-9E30-FAD663DF562F}
		{FB4E939A-EC77-45DB-B9C6-543DD892E73F} = {FB4E939A-EC77-45DB-B9C6-543DD892E73F}
		{B347299D-9533-4E3A-86F4-C0595B114C68} = {B347299D-9533-4E3A-86F4-C0595B114C68}
		{65EE44A0-3B9D-404D-8B5E-DD1867B7CD95} = {65EE44A0-3B9D-404D-8B5E-DD1867B7CD95}
	EndProjectSection
EndProject
Project("{8BC9CEB8-8B4A-11D0-8D11-00A0C91BC942}") = "XRADDicom", "%XRADRoot%\XRADDicom\MSVC\XRADDicom-2019.vcxproj", "{FB4E939A-EC77-45DB-B9C6-543DD892E73F}"
	ProjectSection(ProjectDependencies) = postProject
		{C8376C6F-4E8F-4D7C-9E30-FAD663DF562F} = {C8376C6F-4E8F-4D7C-9E30-FAD663DF562F}
		{B347299D-9533-4E3A-86F4-C0595B114C68} = {B347299D-9533-4E3A-86F4-C0595B114C68}
	EndProjectSection
EndProject
Project("{8BC9CEB8-8B4A-11D0-8D11-00A0C91BC942}") = "XRADGUITestsLib", "%XRADRoot%\Projects\XRADGUI\XRADGUITestsLib-2019.vcxproj", "{45C7128E-CB44-432F-BBD1-856A57BECFE7}"
	ProjectSection(ProjectDependencies) = postProject
		{65EE44A0-3B9D-404D-8B5E-DD1867B7CD95} = {65EE44A0-3B9D-404D-8B5E-DD1867B7CD95}
	EndProjectSection
EndProject
Project("{8BC9CEB8-8B4A-11D0-8D11-00A0C91BC942}") = "XRADDicomTest", "XRADDicomTest\XRADDicomTest-2019.vcxproj", "{DCB18995-876E-4DFF-93E9-AF6FB44D3EF9}"
	ProjectSection(ProjectDependencies) = postProject
		{C8376C6F-4E8F-4D7C-9E30-FAD663DF562F} = {C8376C6F-4E8F-4D7C-9E30-FAD663DF562F}
		{6A6EEC8F-C1AB-445E-A73B-5B4368599D9B} = {6A6EEC8F-C1AB-445E-A73B-5B4368599D9B}
		{FB4E939A-EC77-45DB-B9C6-543DD892E73F} = {FB4E939A-EC77-45DB-B9C6-543DD892E73F}
		{B347299D-9533-4E3A-86F4-C0595B114C68} = {B347299D-9533-4E3A-86F4-C0595B114C68}
		{65EE44A0-3B9D-404D-8B5E-DD1867B7CD95} = {65EE44A0-3B9D-404D-8B5E-DD1867B7CD95}
	EndProjectSection
EndProject
Project("{8BC9CEB8-8B4A-11D0-8D11-00A0C91BC942}") = "XRADConsoleUI", "%XRADRoot%\XRADConsoleUI\MSVC\XRADConsoleUI-2019.vcxproj", "{B347299D-9533-4E3A-86F4-C01561459232}"
	ProjectSection(ProjectDependencies) = postProject
		{C8376C6F-4E8F-4D7C-9E30-FAD663DF562F} = {C8376C6F-4E8F-4D7C-9E30-FAD663DF562F}
		{B347299D-9533-4E3A-86F4-C0595B114C68} = {B347299D-9533-4E3A-86F4-C0595B114C68}
	EndProjectSection
EndProject
Project("{8BC9CEB8-8B4A-11D0-8D11-00A0C91BC942}") = "XRADConsoleTest", "XRADConsoleTest\XRADConsoleTest-2019.vcxproj", "{00000001-0001-0001-0001-156335819500}"
	ProjectSection(ProjectDependencies) = postProject
		{C8376C6F-4E8F-4D7C-9E30-FAD663DF562F} = {C8376C6F-4E8F-4D7C-9E30-FAD663DF562F}
		{B347299D-9533-4E3A-86F4-C01561459232} = {B347299D-9533-4E3A-86F4-C01561459232}
		{B347299D-9533-4E3A-86F4-C0595B114C68} = {B347299D-9533-4E3A-86F4-C0595B114C68}
	EndProjectSection
EndProject
Project("{8BC9CEB8-8B4A-11D0-8D11-00A0C91BC942}") = "XRADBasicTest", "XRADBasicTest\XRADBasicTest-2019.vcxproj", "{00000001-0001-0001-0001-158098667900}"
	ProjectSection(ProjectDependencies) = postProject
		{B347299D-9533-4E3A-86F4-C0595B114C68} = {B347299D-9533-4E3A-86F4-C0595B114C68}
	EndProjectSection
EndProject
Global
	GlobalSection(SolutionConfigurationPlatforms) = preSolution
		Debug|Win32 = Debug|Win32
		Debug|x64 = Debug|x64
		DebugEHA|Win32 = DebugEHA|Win32
		DebugEHA|x64 = DebugEHA|x64
		Release|Win32 = Release|Win32
		Release|x64 = Release|x64
		ReleaseEHA|Win32 = ReleaseEHA|Win32
		ReleaseEHA|x64 = ReleaseEHA|x64
	EndGlobalSection
	GlobalSection(ProjectConfigurationPlatforms) = postSolution
		{633BBEAC-FB5C-448E-965C-B153501514A6}.Debug|Win32.ActiveCfg = Debug|Win32
		{633BBEAC-FB5C-448E-965C-B153501514A6}.Debug|Win32.Build.0 = Debug|Win32
		{633BBEAC-FB5C-448E-965C-B153501514A6}.Debug|x64.ActiveCfg = Debug|x64
		{633BBEAC-FB5C-448E-965C-B153501514A6}.Debug|x64.Build.0 = Debug|x64
		{633BBEAC-FB5C-448E-965C-B153501514A6}.DebugEHA|Win32.ActiveCfg = DebugEHA|Win32
		{633BBEAC-FB5C-448E-965C-B153501514A6}.DebugEHA|Win32.Build.0 = DebugEHA|Win32
		{633BBEAC-FB5C-448E-965C-B153501514A6}.DebugEHA|x64.ActiveCfg = DebugEHA|x64
		{633BBEAC-FB5C-448E-965C-B153501514A6}.DebugEHA|x64.Build.0 = DebugEHA|x64
		{633BBEAC-FB5C-448E-965C-B153501514A6}.Release|Win32.ActiveCfg = Release|Win32
		{633BBEAC-FB5C-448E-965C-B153501514A6}.Release|Win32.Build.0 = Release|Win32
		{633BBEAC-FB5C-448E-965C-B153501514A6}.Release|x64.ActiveCfg = Release|x64
		{633BBEAC-FB5C-448E-965C-B153501514A6}.Release|x64.Build.0 = Release|x64
		{633BBEAC-FB5C-448E-965C-B153501514A6}.ReleaseEHA|Win32.ActiveCfg = ReleaseEHA|Win32
		{633BBEAC-FB5C-448E-965C-B153501514A6}.ReleaseEHA|Win32.Build.0 = ReleaseEHA|Win32
		{633BBEAC-FB5C-448E-965C-B153501514A6}.ReleaseEHA|x64.ActiveCfg = ReleaseEHA|x64
		{633BBEAC-FB5C-448E-965C-B153501514A6}.ReleaseEHA|x64.Build.0 = ReleaseEHA|x64
		{65EE44A0-3B9D-404D-8B5E-DD1867B7CD95}.Debug|Win32.ActiveCfg = Debug|Win32
		{65EE44A0-3B9D-404D-8B5E-DD1867B7CD95}.Debug|Win32.Build.0 = Debug|Win32
		{65EE44A0-3B9D-404D-8B5E-DD1867B7CD95}.Debug|x64.ActiveCfg = Debug|x64
		{65EE44A0-3B9D-404D-8B5E-DD1867B7CD95}.Debug|x64.Build.0 = Debug|x64
		{65EE44A0-3B9D-404D-8B5E-DD1867B7CD95}.DebugEHA|Win32.ActiveCfg = DebugEHA|Win32
		{65EE44A0-3B9D-404D-8B5E-DD1867B7CD95}.DebugEHA|Win32.Build.0 = DebugEHA|Win32
		{65EE44A0-3B9D-404D-8B5E-DD1867B7CD95}.DebugEHA|x64.ActiveCfg = DebugEHA|x64
		{65EE44A0-3B9D-404D-8B5E-DD1867B7CD95}.DebugEHA|x64.Build.0 = DebugEHA|x64
		{65EE44A0-3B9D-404D-8B5E-DD1867B7CD95}.Release|Win32.ActiveCfg = Release|Win32
		{65EE44A0-3B9D-404D-8B5E-DD1867B7CD95}.Release|Win32.Build.0 = Release|Win32
		{65EE44A0-3B9D-404D-8B5E-DD1867B7CD95}.Release|x64.ActiveCfg = Release|x64
		{65EE44A0-3B9D-404D-8B5E-DD1867B7CD95}.Release|x64.Build.0 = Release|x64
		{65EE44A0-3B9D-404D-8B5E-DD1867B7CD95}.ReleaseEHA|Win32.ActiveCfg = ReleaseEHA|Win32
		{65EE44A0-3B9D-404D-8B5E-DD1867B7CD95}.ReleaseEHA|Win32.Build.0 = ReleaseEHA|Win32
		{65EE44A0-3B9D-404D-8B5E-DD1867B7CD95}.ReleaseEHA|x64.ActiveCfg = ReleaseEHA|x64
		{65EE44A0-3B9D-404D-8B5E-DD1867B7CD95}.ReleaseEHA|x64.Build.0 = ReleaseEHA|x64
		{B347299D-9533-4E3A-86F4-C0595B114C68}.Debug|Win32.ActiveCfg = Debug|Win32
		{B347299D-9533-4E3A-86F4-C0595B114C68}.Debug|Win32.Build.0 = Debug|Win32
		{B347299D-9533-4E3A-86F4-C0595B114C68}.Debug|x64.ActiveCfg = Debug|x64
		{B347299D-9533-4E3A-86F4-C0595B114C68}.Debug|x64.Build.0 = Debug|x64
		{B347299D-9533-4E3A-86F4-C0595B114C68}.DebugEHA|Win32.ActiveCfg = DebugEHA|Win32
		{B347299D-9533-4E3A-86F4-C0595B114C68}.DebugEHA|Win32.Build.0 = DebugEHA|Win32
		{B347299D-9533-4E3A-86F4-C0595B114C68}.DebugEHA|x64.ActiveCfg = DebugEHA|x64
		{B347299D-9533-4E3A-86F4-C0595B114C68}.DebugEHA|x64.Build.0 = DebugEHA|x64
		{B347299D-9533-4E3A-86F4-C0595B114C68}.Release|Win32.ActiveCfg = Release|Win32
		{B347299D-9533-4E3A-86F4-C0595B114C68}.Release|Win32.Build.0 = Release|Win32
		{B347299D-9533-4E3A-86F4-C0595B114C68}.Release|x64.ActiveCfg = Release|x64
		{B347299D-9533-4E3A-86F4-C0595B114C68}.Release|x64.Build.0 = Release|x64
		{B347299D-9533-4E3A-86F4-C0595B114C68}.ReleaseEHA|Win32.ActiveCfg = ReleaseEHA|Win32
		{B347299D-9533-4E3A-86F4-C0595B114C68}.ReleaseEHA|Win32.Build.0 = ReleaseEHA|Win32
		{B347299D-9533-4E3A-86F4-C0595B114C68}.ReleaseEHA|x64.ActiveCfg = ReleaseEHA|x64
		{B347299D-9533-4E3A-86F4-C0595B114C68}.ReleaseEHA|x64.Build.0 = ReleaseEHA|x64
		{C8376C6F-4E8F-4D7C-9E30-FAD663DF562F}.Debug|Win32.ActiveCfg = Debug|Win32
		{C8376C6F-4E8F-4D7C-9E30-FAD663DF562F}.Debug|Win32.Build.0 = Debug|Win32
		{C8376C6F-4E8F-4D7C-9E30-FAD663DF562F}.Debug|x64.ActiveCfg = Debug|x64
		{C8376C6F-4E8F-4D7C-9E30-FAD663DF562F}.Debug|x64.Build.0 = Debug|x64
		{C8376C6F-4E8F-4D7C-9E30-FAD663DF562F}.DebugEHA|Win32.ActiveCfg = DebugEHA|Win32
		{C8376C6F-4E8F-4D7C-9E30-FAD663DF562F}.DebugEHA|Win32.Build.0 = DebugEHA|Win32
		{C8376C6F-4E8F-4D7C-9E30-FAD663DF562F}.DebugEHA|x64.ActiveCfg = DebugEHA|x64
		{C8376C6F-4E8F-4D7C-9E30-FAD663DF562F}.DebugEHA|x64.Build.0 = DebugEHA|x64
		{C8376C6F-4E8F-4D7C-9E30-FAD663DF562F}.Release|Win32.ActiveCfg = Release|Win32
		{C8376C6F-4E8F-4D7C-9E30-FAD663DF562F}.Release|Win32.Build.0 = Release|Win32
		{C8376C6F-4E8F-4D7C-9E30-FAD663DF562F}.Release|x64.ActiveCfg = Release|x64
		{C8376C6F-4E8F-4D7C-9E30-FAD663DF562F}.Release|x64.Build.0 = Release|x64
		{C8376C6F-4E8F-4D7C-9E30-FAD663DF562F}.ReleaseEHA|Win32.ActiveCfg = ReleaseEHA|Win32
		{C8376C6F-4E8F-4D7C-9E30-FAD663DF562F}.ReleaseEHA|Win32.Build.0 = ReleaseEHA|Win32
		{C8376C6F-4E8F-4D7C-9E30-FAD663DF562F}.ReleaseEHA|x64.ActiveCfg = ReleaseEHA|x64
		{C8376C6F-4E8F-4D7C-9E30-FAD663DF562F}.ReleaseEHA|x64.Build.0 = ReleaseEHA|x64
		{6A6EEC8F-C1AB-445E-A73B-5B4368599D9B}.Debug|Win32.ActiveCfg = Debug|Win32
		{6A6EEC8F-C1AB-445E-A73B-5B4368599D9B}.Debug|Win32.Build.0 = Debug|Win32
		{6A6EEC8F-C1AB-445E-A73B-5B4368599D9B}.Debug|x64.ActiveCfg = Debug|x64
		{6A6EEC8F-C1AB-445E-A73B-5B4368599D9B}.Debug|x64.Build.0 = Debug|x64
		{6A6EEC8F-C1AB-445E-A73B-5B4368599D9B}.DebugEHA|Win32.ActiveCfg = DebugEHA|Win32
		{6A6EEC8F-C1AB-445E-A73B-5B4368599D9B}.DebugEHA|Win32.Build.0 = DebugEHA|Win32
		{6A6EEC8F-C1AB-445E-A73B-5B4368599D9B}.DebugEHA|x64.ActiveCfg = DebugEHA|x64
		{6A6EEC8F-C1AB-445E-A73B-5B4368599D9B}.DebugEHA|x64.Build.0 = DebugEHA|x64
		{6A6EEC8F-C1AB-445E-A73B-5B4368599D9B}.Release|Win32.ActiveCfg = Release|Win32
		{6A6EEC8F-C1AB-445E-A73B-5B4368599D9B}.Release|Win32.Build.0 = Release|Win32
		{6A6EEC8F-C1AB-445E-A73B-5B4368599D9B}.Release|x64.ActiveCfg = Release|x64
		{6A6EEC8F-C1AB-445E-A73B-5B4368599D9B}.Release|x64.Build.0 = Release|x64
		{6A6EEC8F-C1AB-445E-A73B-5B4368599D9B}.ReleaseEHA|Win32.ActiveCfg = ReleaseEHA|Win32
		{6A6EEC8F-C1AB-445E-A73B-5B4368599D9B}.ReleaseEHA|Win32.Build.0 = ReleaseEHA|Win32
		{6A6EEC8F-C1AB-445E-A73B-5B4368599D9B}.ReleaseEHA|x64.ActiveCfg = ReleaseEHA|x64
		{6A6EEC8F-C1AB-445E-A73B-5B4368599D9B}.ReleaseEHA|x64.Build.0 = ReleaseEHA|x64
		{FB4E939A-EC77-45DB-B9C6-543DD892E73F}.Debug|Win32.ActiveCfg = Debug|Win32
		{FB4E939A-EC77-45DB-B9C6-543DD892E73F}.Debug|Win32.Build.0 = Debug|Win32
		{FB4E939A-EC77-45DB-B9C6-543DD892E73F}.Debug|x64.ActiveCfg = Debug|x64
		{FB4E939A-EC77-45DB-B9C6-543DD892E73F}.Debug|x64.Build.0 = Debug|x64
		{FB4E939A-EC77-45DB-B9C6-543DD892E73F}.DebugEHA|Win32.ActiveCfg = DebugEHA|Win32
		{FB4E939A-EC77-45DB-B9C6-543DD892E73F}.DebugEHA|Win32.Build.0 = DebugEHA|Win32
		{FB4E939A-EC77-45DB-B9C6-543DD892E73F}.DebugEHA|x64.ActiveCfg = DebugEHA|x64
		{FB4E939A-EC77-45DB-B9C6-543DD892E73F}.DebugEHA|x64.Build.0 = DebugEHA|x64
		{FB4E939A-EC77-45DB-B9C6-543DD892E73F}.Release|Win32.ActiveCfg = Release|Win32
		{FB4E939A-EC77-45DB-B9C6-543DD892E73F}.Release|Win32.Build.0 = Release|Win32
		{FB4E939A-EC77-45DB-B9C6-543DD892E73F}.Release|x64.ActiveCfg = Release|x64
		{FB4E939A-EC77-45DB-B9C6-543DD892E73F}.Release|x64.Build.0 = Release|x64
		{FB4E939A-EC77-45DB-B9C6-543DD892E73F}.ReleaseEHA|Win32.ActiveCfg = ReleaseEHA|Win32
		{FB4E939A-EC77-45DB-B9C6-543DD892E73F}.ReleaseEHA|Win32.Build.0 = ReleaseEHA|Win32
		{FB4E939A-EC77-45DB-B9C6-543DD892E73F}.ReleaseEHA|x64.ActiveCfg = ReleaseEHA|x64
		{FB4E939A-EC77-45DB-B9C6-543DD892E73F}.ReleaseEHA|x64.Build.0 = ReleaseEHA|x64
		{45C7128E-CB44-432F-BBD1-856A57BECFE7}.Debug|Win32.ActiveCfg = Debug|Win32
		{45C7128E-CB44-432F-BBD1-856A57BECFE7}.Debug|Win32.Build.0 = Debug|Win32
		{45C7128E-CB44-432F-BBD1-856A57BECFE7}.Debug|x64.ActiveCfg = Debug|x64
		{45C7128E-CB44-432F-BBD1-856A57BECFE7}.Debug|x64.Build.0 = Debug|x64
		{45C7128E-CB44-432F-BBD1-856A57BECFE7}.DebugEHA|Win32.ActiveCfg = DebugEHA|Win32
		{45C7128E-CB44-432F-BBD1-856A57BECFE7}.DebugEHA|Win32.Build.0 = DebugEHA|Win32
		{45C7128E-CB44-432F-BBD1-856A57BECFE7}.DebugEHA|x64.ActiveCfg = DebugEHA|x64
		{45C7128E-CB44-432F-BBD1-856A57BECFE7}.DebugEHA|x64.Build.0 = DebugEHA|x64
		{45C7128E-CB44-432F-BBD1-856A57BECFE7}.Release|Win32.ActiveCfg = Release|Win32
		{45C7128E-CB44-432F-BBD1-856A57BECFE7}.Release|Win32.Build.0 = Release|Win32
		{45C7128E-CB44-432F-BBD1-856A57BECFE7}.Release|x64.ActiveCfg = Release|x64
		{45C7128E-CB44-432F-BBD1-856A57BECFE7}.Release|x64.Build.0 = Release|x64
		{45C7128E-CB44-432F-BBD1-856A57BECFE7}.ReleaseEHA|Win32.ActiveCfg = ReleaseEHA|Win32
		{45C7128E-CB44-432F-BBD1-856A57BECFE7}.ReleaseEHA|Win32.Build.0 = ReleaseEHA|Win32
		{45C7128E-CB44-432F-BBD1-856A57BECFE7}.ReleaseEHA|x64.ActiveCfg = ReleaseEHA|x64
		{45C7128E-CB44-432F-BBD1-856A57BECFE7}.ReleaseEHA|x64.Build.0 = ReleaseEHA|x64
		{DCB18995-876E-4DFF-93E9-AF6FB44D3EF9}.Debug|Win32.ActiveCfg = Debug|Win32
		{DCB18995-876E-4DFF-93E9-AF6FB44D3EF9}.Debug|Win32.Build.0 = Debug|Win32
		{DCB18995-876E-4DFF-93E9-AF6FB44D3EF9}.Debug|x64.ActiveCfg = Debug|x64
		{DCB18995-876E-4DFF-93E9-AF6FB44D3EF9}.Debug|x64.Build.0 = Debug|x64
		{DCB18995-876E-4DFF-93E9-AF6FB44D3EF9}.DebugEHA|Win32.ActiveCfg = DebugEHA|Win32
		{DCB18995-876E-4DFF-93E9-AF6FB44D3EF9}.DebugEHA|Win32.Build.0 = DebugEHA|Win32
		{DCB18995-876E-4DFF-93E9-AF6FB44D3EF9}.DebugEHA|x64.ActiveCfg = DebugEHA|x64
		{DCB18995-876E-4DFF-93E9-AF6FB44D3EF9}.DebugEHA|x64.Build.0 = DebugEHA|x64
		{DCB18995-876E-4DFF-93E9-AF6FB44D3EF9}.Release|Win32.ActiveCfg = Release|Win32
		{DCB18995-876E-4DFF-93E9-AF6FB44D3EF9}.Release|Win32.Build.0 = Release|Win32
		{DCB18995-876E-4DFF-93E9-AF6FB44D3EF9}.Release|x64.ActiveCfg = Release|x64
		{DCB18995-876E-4DFF-93E9-AF6FB44D3EF9}.Release|x64.Build.0 = Release|x64
		{DCB18995-876E-4DFF-93E9-AF6FB44D3EF9}.ReleaseEHA|Win32.ActiveCfg = ReleaseEHA|Win32
		{DCB18995-876E-4DFF-93E9-AF6FB44D3EF9}.ReleaseEHA|Win32.Build.0 = ReleaseEHA|Win32
		{DCB18995-876E-4DFF-93E9-AF6FB44D3EF9}.ReleaseEHA|x64.ActiveCfg = ReleaseEHA|x64
		{DCB18995-876E-4DFF-93E9-AF6FB44D3EF9}.ReleaseEHA|x64.Build.0 = ReleaseEHA|x64
		{B347299D-9533-4E3A-86F4-C01561459232}.Debug|Win32.ActiveCfg = Debug|Win32
		{B347299D-9533-4E3A-86F4-C01561459232}.Debug|Win32.Build.0 = Debug|Win32
		{B347299D-9533-4E3A-86F4-C01561459232}.Debug|x64.ActiveCfg = Debug|x64
		{B347299D-9533-4E3A-86F4-C01561459232}.Debug|x64.Build.0 = Debug|x64
		{B347299D-9533-4E3A-86F4-C01561459232}.DebugEHA|Win32.ActiveCfg = DebugEHA|Win32
		{B347299D-9533-4E3A-86F4-C01561459232}.DebugEHA|Win32.Build.0 = DebugEHA|Win32
		{B347299D-9533-4E3A-86F4-C01561459232}.DebugEHA|x64.ActiveCfg = DebugEHA|x64
		{B347299D-9533-4E3A-86F4-C01561459232}.DebugEHA|x64.Build.0 = DebugEHA|x64
		{B347299D-9533-4E3A-86F4-C01561459232}.Release|Win32.ActiveCfg = Release|Win32
		{B347299D-9533-4E3A-86F4-C01561459232}.Release|Win32.Build.0 = Release|Win32
		{B347299D-9533-4E3A-86F4-C01561459232}.Release|x64.ActiveCfg = Release|x64
		{B347299D-9533-4E3A-86F4-C01561459232}.Release|x64.Build.0 = Release|x64
		{B347299D-9533-4E3A-86F4-C01561459232}.ReleaseEHA|Win32.ActiveCfg = ReleaseEHA|Win32
		{B347299D-9533-4E3A-86F4-C01561459232}.ReleaseEHA|Win32.Build.0 = ReleaseEHA|Win32
		{B347299D-9533-4E3A-86F4-C01561459232}.ReleaseEHA|x64.ActiveCfg = ReleaseEHA|x64
		{B347299D-9533-4E3A-86F4-C01561459232}.ReleaseEHA|x64.Build.0 = ReleaseEHA|x64
		{00000001-0001-0001-0001-156335819500}.Debug|Win32.ActiveCfg = Debug|Win32
		{00000001-0001-0001-0001-156335819500}.Debug|Win32.Build.0 = Debug|Win32
		{00000001-0001-0001-0001-156335819500}.Debug|x64.ActiveCfg = Debug|x64
		{00000001-0001-0001-0001-156335819500}.Debug|x64.Build.0 = Debug|x64
		{00000001-0001-0001-0001-156335819500}.DebugEHA|Win32.ActiveCfg = DebugEHA|Win32
		{00000001-0001-0001-0001-156335819500}.DebugEHA|Win32.Build.0 = DebugEHA|Win32
		{00000001-0001-0001-0001-156335819500}.DebugEHA|x64.ActiveCfg = DebugEHA|x64
		{00000001-0001-0001-0001-156335819500}.DebugEHA|x64.Build.0 = DebugEHA|x64
		{00000001-0001-0001-0001-156335819500}.Release|Win32.ActiveCfg = Release|Win32
		{00000001-0001-0001-0001-156335819500}.Release|Win32.Build.0 = Release|Win32
		{00000001-0001-0001-0001-156335819500}.Release|x64.ActiveCfg = Release|x64
		{00000001-0001-0001-0001-156335819500}.Release|x64.Build.0 = Release|x64
		{00000001-0001-0001-0001-156335819500}.ReleaseEHA|Win32.ActiveCfg = ReleaseEHA|Win32
		{00000001-0001-0001-0001-156335819500}.ReleaseEHA|Win32.Build.0 = ReleaseEHA|Win32
		{00000001-0001-0001-0001-156335819500}.ReleaseEHA|x64.ActiveCfg = ReleaseEHA|x64
		{00000001-0001-0001-0001-156335819500}.ReleaseEHA|x64.Build.0 = ReleaseEHA|x64
		{00000001-0001-0001-0001-158098667900}.Debug|Win32.ActiveCfg = Debug|Win32
		{00000001-0001-0001-0001-158098667900}.Debug|Win32.Build.0 = Debug|Win32
		{00000001-0001-0001-0001-158098667900}.Debug|x64.ActiveCfg = Debug|x64
		{00000001-0001-0001-0001-158098667900}.Debug|x64.Build.0 = Debug|x64
		{00000001-0001-0001-0001-158098667900}.DebugEHA|Win32.ActiveCfg = DebugEHA|Win32
		{00000001-0001-0001-0001-158098667900}.DebugEHA|Win32.Build.0 = DebugEHA|Win32
		{00000001-0001-0001-0001-158098667900}.DebugEHA|x64.ActiveCfg = DebugEHA|x64
		{00000001-0001-0001-0001-158098667900}.DebugEHA|x64.Build.0 = DebugEHA|x64
		{00000001-0001-0001-0001-158098667900}.Release|Win32.ActiveCfg = Release|Win32
		{00000001-0001-0001-0001-158098667900}.Release|Win32.Build.0 = Release|Win32
		{00000001-0001-0001-0001-158098667900}.Release|x64.ActiveCfg = Release|x64
		{00000001-0001-0001-0001-158098667900}.Release|x64.Build.0 = Release|x64
		{00000001-0001-0001-0001-158098667900}.ReleaseEHA|Win32.ActiveCfg = ReleaseEHA|Win32
		{00000001-0001-0001-0001-158098667900}.ReleaseEHA|Win32.Build.0 = ReleaseEHA|Win32
		{00000001-0001-0001-0001-158098667900}.ReleaseEHA|x64.ActiveCfg = ReleaseEHA|x64
		{00000001-0001-0001-0001-158098667900}.ReleaseEHA|x64.Build.0 = ReleaseEHA|x64
	EndGlobalSection
	GlobalSection(SolutionProperties) = preSolution
		HideSolutionNode = FALSE
	EndGlobalSection
EndGlobal
