<?xml version="1.0" encoding="utf-8"?>
<Project ToolsVersion="4.0" xmlns="http://schemas.microsoft.com/developer/msbuild/2003">
  <ItemGroup>
    <Filter Include="XRADBasic">
      <UniqueIdentifier>{912562a5-d2eb-49b3-a0b6-16b73be1ae6c}</UniqueIdentifier>
    </Filter>
    <Filter Include="XRADBasic\Tests">
      <UniqueIdentifier>{10b19a1d-6ee0-4a91-958b-f0341fbbd76a}</UniqueIdentifier>
    </Filter>
    <Filter Include="XRADBasic\Sources/PlatformSpecific/MSVC">
      <UniqueIdentifier>{ca20c99c-d000-4faf-9f20-1a989cdcd5a9}</UniqueIdentifier>
    </Filter>
    <Filter Include="Sources">
      <UniqueIdentifier>{35af89c7-6463-4c3a-8fc2-aa69682d155b}</UniqueIdentifier>
    </Filter>
  </ItemGroup>
  <ItemGroup>
    <ClCompile Include="TestFunctions.cpp">
      <Filter>Sources</Filter>
    </ClCompile>
    <ClCompile Include="SharpeningTest.cpp">
      <Filter>Sources</Filter>
    </ClCompile>
    <ClCompile Include="TestFunctionsArchive.cpp">
      <Filter>Sources</Filter>
    </ClCompile>
    <ClCompile Include="TestThreads.cpp">
      <Filter>Sources</Filter>
    </ClCompile>
    <ClCompile Include="TestGUIFunctions.cpp">
      <Filter>Sources</Filter>
    </ClCompile>
    <ClCompile Include="TestMisc.cpp">
      <Filter>Sources</Filter>
    </ClCompile>
    <ClCompile Include="TestJson.cpp">
      <Filter>Sources</Filter>
    </ClCompile>
    <ClCompile Include="TestArrays.cpp">
      <Filter>Sources</Filter>
    </ClCompile>
    <ClCompile Include="TrackedObject.cpp">
      <Filter>Sources</Filter>
    </ClCompile>
    <ClCompile Include="TestDynamicDialog.cpp">
      <Filter>Sources</Filter>
    </ClCompile>
    <ClCompile Include="TestProgress.cpp">
      <Filter>Sources</Filter>
    </ClCompile>
    <ClCompile Include="TestFileOperations.cpp">
      <Filter>Sources</Filter>
    </ClCompile>
    <ClCompile Include="TestMath.cpp">
      <Filter>Sources</Filter>
    </ClCompile>
    <ClCompile Include="$(XRADRoot)\XRADBasic\Sources\PlatformSpecific\MSVC\XRADNatvisTest.cpp">
      <Filter>XRADBasic\Sources/PlatformSpecific/MSVC</Filter>
    </ClCompile>
    <ClCompile Include="TestFFT.cpp">
      <Filter>Sources</Filter>
    </ClCompile>
    <ClCompile Include="TestPerformanceCounter.cpp">
      <Filter>Sources</Filter>
    </ClCompile>
    <ClCompile Include="$(XRADRoot)\XRADBasic\Tests\StringConverters_MS_Test.cpp">
      <Filter>XRADBasic\Tests</Filter>
    </ClCompile>
    <ClCompile Include="$(XRADRoot)\XRADBasic\Tests\StringEncodeTest.cpp">
      <Filter>XRADBasic\Tests</Filter>
    </ClCompile>
    <ClCompile Include="pre.cpp">
      <Filter>Sources</Filter>
    </ClCompile>
    <ClCompile Include="XRADImmediateTest.cpp">
      <Filter>Sources</Filter>
    </ClCompile>
    <ClCompile Include="TestHandy.cpp">
      <Filter>Sources</Filter>
    </ClCompile>
    <ClCompile Include="TestMoveSemantics.cpp">
      <Filter>Sources</Filter>
    </ClCompile>
    <ClCompile Include="TestTextHandling.cpp">
      <Filter>Sources</Filter>
    </ClCompile>
  </ItemGroup>
  <ItemGroup>
    <ClInclude Include="SharpeningTest.h">
      <Filter>Sources</Filter>
    </ClInclude>
    <ClInclude Include="TestThreads.h">
      <Filter>Sources</Filter>
    </ClInclude>
    <ClInclude Include="TestArrays.h">
      <Filter>Sources</Filter>
    </ClInclude>
    <ClInclude Include="TrackedObject.h">
      <Filter>Sources</Filter>
    </ClInclude>
    <ClInclude Include="TestDynamicDialog.h">
      <Filter>Sources</Filter>
    </ClInclude>
    <ClInclude Include="TestProgress.h">
      <Filter>Sources</Filter>
    </ClInclude>
    <ClInclude Include="TestFileOperations.h">
      <Filter>Sources</Filter>
    </ClInclude>
    <ClInclude Include="TestMath.h">
      <Filter>Sources</Filter>
    </ClInclude>
    <ClInclude Include="TestFunctions.h">
      <Filter>Sources</Filter>
    </ClInclude>
    <ClInclude Include="TestFunctionsArchive.h">
      <Filter>Sources</Filter>
    </ClInclude>
    <ClInclude Include="TestGUIFunctions.h">
      <Filter>Sources</Filter>
    </ClInclude>
    <ClInclude Include="TestJson.h">
      <Filter>Sources</Filter>
    </ClInclude>
    <ClInclude Include="TestMisc.h">
      <Filter>Sources</Filter>
    </ClInclude>
    <ClInclude Include="TestFFT.h">
      <Filter>Sources</Filter>
    </ClInclude>
    <ClInclude Include="TestPerformanceCounter.h">
      <Filter>Sources</Filter>
    </ClInclude>
    <ClInclude Include="$(XRADRoot)\XRADBasic\Sources\PlatformSpecific\MSVC\XRADNatvisTest.h">
      <Filter>XRADBasic\Sources/PlatformSpecific/MSVC</Filter>
    </ClInclude>
    <ClInclude Include="$(XRADRoot)\XRADBasic\Tests\StringConverters_MS_Test.h">
      <Filter>XRADBasic\Tests</Filter>
    </ClInclude>
    <ClInclude Include="$(XRADRoot)\XRADBasic\Tests\StringEncodeTest.h">
      <Filter>XRADBasic\Tests</Filter>
    </ClInclude>
    <ClInclude Include="$(XRADRoot)\XRADBasic\Tests\TestHelpers.h">
      <Filter>XRADBasic\Tests</Filter>
    </ClInclude>
    <ClInclude Include="pre.h">
      <Filter>Sources</Filter>
    </ClInclude>
    <ClInclude Include="TestHandy.h">
      <Filter>Sources</Filter>
    </ClInclude>
    <ClInclude Include="TestMoveSemantics.h">
      <Filter>Sources</Filter>
    </ClInclude>
    <ClInclude Include="TestTextHandling.h">
      <Filter>Sources</Filter>
    </ClInclude>
  </ItemGroup>
  <ItemGroup>
    <MASM Include="TestFFT_asm.asm">
      <Filter>Sources</Filter>
    </MASM>
  </ItemGroup>
  <ItemGroup>
    <Text Include="$(XRADRoot)\XRADBasic\Tests\readme.txt">
      <Filter>XRADBasic\Tests</Filter>
    </Text>
  </ItemGroup>
  <ItemGroup>
    <Image Include="XRADImmediateTest.bmp">
      <Filter>Sources</Filter>
    </Image>
  </ItemGroup>
</Project>